// !$*UTF8*$!
{
	archiveVersion = 1;
	classes = {
	};
	objectVersion = 46;
	objects = {

/* Begin PBXBuildFile section */
		8ABCD05519CCE66C00CA2710 /* AppDelegate.swift in Sources */ = {isa = PBXBuildFile; fileRef = 8ABCD05419CCE66C00CA2710 /* AppDelegate.swift */; };
		8ABCD05719CCE66C00CA2710 /* ViewController.swift in Sources */ = {isa = PBXBuildFile; fileRef = 8ABCD05619CCE66C00CA2710 /* ViewController.swift */; };
		8ABCD05A19CCE66C00CA2710 /* Main.storyboard in Resources */ = {isa = PBXBuildFile; fileRef = 8ABCD05819CCE66C00CA2710 /* Main.storyboard */; };
		8ABCD05C19CCE66C00CA2710 /* Images.xcassets in Resources */ = {isa = PBXBuildFile; fileRef = 8ABCD05B19CCE66C00CA2710 /* Images.xcassets */; };
		8ABCD05F19CCE66C00CA2710 /* LaunchScreen.xib in Resources */ = {isa = PBXBuildFile; fileRef = 8ABCD05D19CCE66C00CA2710 /* LaunchScreen.xib */; };
		8ABCD06B19CCE66C00CA2710 /* PostcardTests.swift in Sources */ = {isa = PBXBuildFile; fileRef = 8ABCD06A19CCE66C00CA2710 /* PostcardTests.swift */; };
/* End PBXBuildFile section */

/* Begin PBXContainerItemProxy section */
		8ABCD06519CCE66C00CA2710 /* PBXContainerItemProxy */ = {
			isa = PBXContainerItemProxy;
			containerPortal = 8ABCD04719CCE66B00CA2710 /* Project object */;
			proxyType = 1;
			remoteGlobalIDString = 8ABCD04E19CCE66C00CA2710;
			remoteInfo = Postcard;
		};
/* End PBXContainerItemProxy section */

/* Begin PBXFileReference section */
		8ABCD04F19CCE66C00CA2710 /* Postcard.app */ = {isa = PBXFileReference; explicitFileType = wrapper.application; includeInIndex = 0; path = Postcard.app; sourceTree = BUILT_PRODUCTS_DIR; };
		8ABCD05319CCE66C00CA2710 /* Info.plist */ = {isa = PBXFileReference; lastKnownFileType = text.plist.xml; path = Info.plist; sourceTree = "<group>"; };
		8ABCD05419CCE66C00CA2710 /* AppDelegate.swift */ = {isa = PBXFileReference; lastKnownFileType = sourcecode.swift; path = AppDelegate.swift; sourceTree = "<group>"; };
		8ABCD05619CCE66C00CA2710 /* ViewController.swift */ = {isa = PBXFileReference; lastKnownFileType = sourcecode.swift; path = ViewController.swift; sourceTree = "<group>"; };
		8ABCD05919CCE66C00CA2710 /* Base */ = {isa = PBXFileReference; lastKnownFileType = file.storyboard; name = Base; path = Base.lproj/Main.storyboard; sourceTree = "<group>"; };
		8ABCD05B19CCE66C00CA2710 /* Images.xcassets */ = {isa = PBXFileReference; lastKnownFileType = folder.assetcatalog; path = Images.xcassets; sourceTree = "<group>"; };
		8ABCD05E19CCE66C00CA2710 /* Base */ = {isa = PBXFileReference; lastKnownFileType = file.xib; name = Base; path = Base.lproj/LaunchScreen.xib; sourceTree = "<group>"; };
		8ABCD06419CCE66C00CA2710 /* PostcardTests.xctest */ = {isa = PBXFileReference; explicitFileType = wrapper.cfbundle; includeInIndex = 0; path = PostcardTests.xctest; sourceTree = BUILT_PRODUCTS_DIR; };
		8ABCD06919CCE66C00CA2710 /* Info.plist */ = {isa = PBXFileReference; lastKnownFileType = text.plist.xml; path = Info.plist; sourceTree = "<group>"; };
		8ABCD06A19CCE66C00CA2710 /* PostcardTests.swift */ = {isa = PBXFileReference; lastKnownFileType = sourcecode.swift; path = PostcardTests.swift; sourceTree = "<group>"; };
/* End PBXFileReference section */

/* Begin PBXFrameworksBuildPhase section */
		8ABCD04C19CCE66C00CA2710 /* Frameworks */ = {
			isa = PBXFrameworksBuildPhase;
			buildActionMask = 2147483647;
			files = (
			);
			runOnlyForDeploymentPostprocessing = 0;
		};
		8ABCD06119CCE66C00CA2710 /* Frameworks */ = {
			isa = PBXFrameworksBuildPhase;
			buildActionMask = 2147483647;
			files = (
			);
			runOnlyForDeploymentPostprocessing = 0;
		};
/* End PBXFrameworksBuildPhase section */

/* Begin PBXGroup section */
		8ABCD04619CCE66B00CA2710 = {
			isa = PBXGroup;
			children = (
				8ABCD05119CCE66C00CA2710 /* Postcard */,
				8ABCD06719CCE66C00CA2710 /* PostcardTests */,
				8ABCD05019CCE66C00CA2710 /* Products */,
			);
			sourceTree = "<group>";
		};
		8ABCD05019CCE66C00CA2710 /* Products */ = {
			isa = PBXGroup;
			children = (
				8ABCD04F19CCE66C00CA2710 /* Postcard.app */,
				8ABCD06419CCE66C00CA2710 /* PostcardTests.xctest */,
			);
			name = Products;
			sourceTree = "<group>";
		};
		8ABCD05119CCE66C00CA2710 /* Postcard */ = {
			isa = PBXGroup;
			children = (
				8ABCD05419CCE66C00CA2710 /* AppDelegate.swift */,
				8ABCD05619CCE66C00CA2710 /* ViewController.swift */,
				8ABCD05819CCE66C00CA2710 /* Main.storyboard */,
				8ABCD05B19CCE66C00CA2710 /* Images.xcassets */,
				8ABCD05D19CCE66C00CA2710 /* LaunchScreen.xib */,
				8ABCD05219CCE66C00CA2710 /* Supporting Files */,
			);
			path = Postcard;
			sourceTree = "<group>";
		};
		8ABCD05219CCE66C00CA2710 /* Supporting Files */ = {
			isa = PBXGroup;
			children = (
				8ABCD05319CCE66C00CA2710 /* Info.plist */,
			);
			name = "Supporting Files";
			sourceTree = "<group>";
		};
		8ABCD06719CCE66C00CA2710 /* PostcardTests */ = {
			isa = PBXGroup;
			children = (
				8ABCD06A19CCE66C00CA2710 /* PostcardTests.swift */,
				8ABCD06819CCE66C00CA2710 /* Supporting Files */,
			);
			path = PostcardTests;
			sourceTree = "<group>";
		};
		8ABCD06819CCE66C00CA2710 /* Supporting Files */ = {
			isa = PBXGroup;
			children = (
				8ABCD06919CCE66C00CA2710 /* Info.plist */,
			);
			name = "Supporting Files";
			sourceTree = "<group>";
		};
/* End PBXGroup section */

/* Begin PBXNativeTarget section */
		8ABCD04E19CCE66C00CA2710 /* Postcard */ = {
			isa = PBXNativeTarget;
			buildConfigurationList = 8ABCD06E19CCE66C00CA2710 /* Build configuration list for PBXNativeTarget "Postcard" */;
			buildPhases = (
				8ABCD04B19CCE66C00CA2710 /* Sources */,
				8ABCD04C19CCE66C00CA2710 /* Frameworks */,
				8ABCD04D19CCE66C00CA2710 /* Resources */,
			);
			buildRules = (
			);
			dependencies = (
			);
			name = Postcard;
			productName = Postcard;
			productReference = 8ABCD04F19CCE66C00CA2710 /* Postcard.app */;
			productType = "com.apple.product-type.application";
		};
		8ABCD06319CCE66C00CA2710 /* PostcardTests */ = {
			isa = PBXNativeTarget;
			buildConfigurationList = 8ABCD07119CCE66C00CA2710 /* Build configuration list for PBXNativeTarget "PostcardTests" */;
			buildPhases = (
				8ABCD06019CCE66C00CA2710 /* Sources */,
				8ABCD06119CCE66C00CA2710 /* Frameworks */,
				8ABCD06219CCE66C00CA2710 /* Resources */,
			);
			buildRules = (
			);
			dependencies = (
				8ABCD06619CCE66C00CA2710 /* PBXTargetDependency */,
			);
			name = PostcardTests;
			productName = PostcardTests;
			productReference = 8ABCD06419CCE66C00CA2710 /* PostcardTests.xctest */;
			productType = "com.apple.product-type.bundle.unit-test";
		};
/* End PBXNativeTarget section */

/* Begin PBXProject section */
		8ABCD04719CCE66B00CA2710 /* Project object */ = {
			isa = PBXProject;
			attributes = {
				LastUpgradeCheck = 0600;
				ORGANIZATIONNAME = "Argonne National Laboratory";
				TargetAttributes = {
					8ABCD04E19CCE66C00CA2710 = {
						CreatedOnToolsVersion = 6.0.1;
					};
					8ABCD06319CCE66C00CA2710 = {
						CreatedOnToolsVersion = 6.0.1;
						TestTargetID = 8ABCD04E19CCE66C00CA2710;
					};
				};
			};
			buildConfigurationList = 8ABCD04A19CCE66B00CA2710 /* Build configuration list for PBXProject "Postcard" */;
			compatibilityVersion = "Xcode 3.2";
			developmentRegion = English;
			hasScannedForEncodings = 0;
			knownRegions = (
				en,
				Base,
			);
			mainGroup = 8ABCD04619CCE66B00CA2710;
			productRefGroup = 8ABCD05019CCE66C00CA2710 /* Products */;
			projectDirPath = "";
			projectRoot = "";
			targets = (
				8ABCD04E19CCE66C00CA2710 /* Postcard */,
				8ABCD06319CCE66C00CA2710 /* PostcardTests */,
			);
		};
/* End PBXProject section */

/* Begin PBXResourcesBuildPhase section */
		8ABCD04D19CCE66C00CA2710 /* Resources */ = {
			isa = PBXResourcesBuildPhase;
			buildActionMask = 2147483647;
			files = (
				8ABCD05A19CCE66C00CA2710 /* Main.storyboard in Resources */,
				8ABCD05F19CCE66C00CA2710 /* LaunchScreen.xib in Resources */,
				8ABCD05C19CCE66C00CA2710 /* Images.xcassets in Resources */,
			);
			runOnlyForDeploymentPostprocessing = 0;
		};
		8ABCD06219CCE66C00CA2710 /* Resources */ = {
			isa = PBXResourcesBuildPhase;
			buildActionMask = 2147483647;
			files = (
			);
			runOnlyForDeploymentPostprocessing = 0;
		};
/* End PBXResourcesBuildPhase section */

/* Begin PBXSourcesBuildPhase section */
		8ABCD04B19CCE66C00CA2710 /* Sources */ = {
			isa = PBXSourcesBuildPhase;
			buildActionMask = 2147483647;
			files = (
				8ABCD05719CCE66C00CA2710 /* ViewController.swift in Sources */,
				8ABCD05519CCE66C00CA2710 /* AppDelegate.swift in Sources */,
			);
			runOnlyForDeploymentPostprocessing = 0;
		};
		8ABCD06019CCE66C00CA2710 /* Sources */ = {
			isa = PBXSourcesBuildPhase;
			buildActionMask = 2147483647;
			files = (
				8ABCD06B19CCE66C00CA2710 /* PostcardTests.swift in Sources */,
			);
			runOnlyForDeploymentPostprocessing = 0;
		};
/* End PBXSourcesBuildPhase section */

/* Begin PBXTargetDependency section */
		8ABCD06619CCE66C00CA2710 /* PBXTargetDependency */ = {
			isa = PBXTargetDependency;
			target = 8ABCD04E19CCE66C00CA2710 /* Postcard */;
			targetProxy = 8ABCD06519CCE66C00CA2710 /* PBXContainerItemProxy */;
		};
/* End PBXTargetDependency section */

/* Begin PBXVariantGroup section */
		8ABCD05819CCE66C00CA2710 /* Main.storyboard */ = {
			isa = PBXVariantGroup;
			children = (
				8ABCD05919CCE66C00CA2710 /* Base */,
			);
			name = Main.storyboard;
			sourceTree = "<group>";
		};
		8ABCD05D19CCE66C00CA2710 /* LaunchScreen.xib */ = {
			isa = PBXVariantGroup;
			children = (
				8ABCD05E19CCE66C00CA2710 /* Base */,
			);
			name = LaunchScreen.xib;
			sourceTree = "<group>";
		};
/* End PBXVariantGroup section */

/* Begin XCBuildConfiguration section */
		8ABCD06C19CCE66C00CA2710 /* Debug */ = {
			isa = XCBuildConfiguration;
			buildSettings = {
				ALWAYS_SEARCH_USER_PATHS = NO;
				CLANG_CXX_LANGUAGE_STANDARD = "gnu++0x";
				CLANG_CXX_LIBRARY = "libc++";
				CLANG_ENABLE_MODULES = YES;
				CLANG_ENABLE_OBJC_ARC = YES;
				CLANG_WARN_BOOL_CONVERSION = YES;
				CLANG_WARN_CONSTANT_CONVERSION = YES;
				CLANG_WARN_DIRECT_OBJC_ISA_USAGE = YES_ERROR;
				CLANG_WARN_EMPTY_BODY = YES;
				CLANG_WARN_ENUM_CONVERSION = YES;
				CLANG_WARN_INT_CONVERSION = YES;
				CLANG_WARN_OBJC_ROOT_CLASS = YES_ERROR;
				CLANG_WARN_UNREACHABLE_CODE = YES;
				CLANG_WARN__DUPLICATE_METHOD_MATCH = YES;
				"CODE_SIGN_IDENTITY[sdk=iphoneos*]" = "iPhone Developer";
				COPY_PHASE_STRIP = NO;
				ENABLE_STRICT_OBJC_MSGSEND = YES;
				GCC_C_LANGUAGE_STANDARD = gnu99;
				GCC_DYNAMIC_NO_PIC = NO;
				GCC_OPTIMIZATION_LEVEL = 0;
				GCC_PREPROCESSOR_DEFINITIONS = (
					"DEBUG=1",
					"$(inherited)",
				);
				GCC_SYMBOLS_PRIVATE_EXTERN = NO;
				GCC_WARN_64_TO_32_BIT_CONVERSION = YES;
				GCC_WARN_ABOUT_RETURN_TYPE = YES_ERROR;
				GCC_WARN_UNDECLARED_SELECTOR = YES;
				GCC_WARN_UNINITIALIZED_AUTOS = YES_AGGRESSIVE;
				GCC_WARN_UNUSED_FUNCTION = YES;
				GCC_WARN_UNUSED_VARIABLE = YES;
				IPHONEOS_DEPLOYMENT_TARGET = 8.0;
				MTL_ENABLE_DEBUG_INFO = YES;
				ONLY_ACTIVE_ARCH = YES;
				SDKROOT = iphoneos;
				SWIFT_OPTIMIZATION_LEVEL = "-Onone";
				TARGETED_DEVICE_FAMILY = "1,2";
			};
			name = Debug;
		};
		8ABCD06D19CCE66C00CA2710 /* Release */ = {
			isa = XCBuildConfiguration;
			buildSettings = {
				ALWAYS_SEARCH_USER_PATHS = NO;
				CLANG_CXX_LANGUAGE_STANDARD = "gnu++0x";
				CLANG_CXX_LIBRARY = "libc++";
				CLANG_ENABLE_MODULES = YES;
				CLANG_ENABLE_OBJC_ARC = YES;
				CLANG_WARN_BOOL_CONVERSION = YES;
				CLANG_WARN_CONSTANT_CONVERSION = YES;
				CLANG_WARN_DIRECT_OBJC_ISA_USAGE = YES_ERROR;
				CLANG_WARN_EMPTY_BODY = YES;
				CLANG_WARN_ENUM_CONVERSION = YES;
				CLANG_WARN_INT_CONVERSION = YES;
				CLANG_WARN_OBJC_ROOT_CLASS = YES_ERROR;
				CLANG_WARN_UNREACHABLE_CODE = YES;
				CLANG_WARN__DUPLICATE_METHOD_MATCH = YES;
				"CODE_SIGN_IDENTITY[sdk=iphoneos*]" = "iPhone Developer";
				COPY_PHASE_STRIP = YES;
				ENABLE_NS_ASSERTIONS = NO;
				ENABLE_STRICT_OBJC_MSGSEND = YES;
				GCC_C_LANGUAGE_STANDARD = gnu99;
				GCC_WARN_64_TO_32_BIT_CONVERSION = YES;
				GCC_WARN_ABOUT_RETURN_TYPE = YES_ERROR;
				GCC_WARN_UNDECLARED_SELECTOR = YES;
				GCC_WARN_UNINITIALIZED_AUTOS = YES_AGGRESSIVE;
				GCC_WARN_UNUSED_FUNCTION = YES;
				GCC_WARN_UNUSED_VARIABLE = YES;
				IPHONEOS_DEPLOYMENT_TARGET = 8.0;
				MTL_ENABLE_DEBUG_INFO = NO;
				SDKROOT = iphoneos;
				TARGETED_DEVICE_FAMILY = "1,2";
				VALIDATE_PRODUCT = YES;
			};
			name = Release;
		};
		8ABCD06F19CCE66C00CA2710 /* Debug */ = {
			isa = XCBuildConfiguration;
			buildSettings = {
				ASSETCATALOG_COMPILER_APPICON_NAME = AppIcon;
				INFOPLIST_FILE = Postcard/Info.plist;
				LD_RUNPATH_SEARCH_PATHS = "$(inherited) @executable_path/Frameworks";
				PRODUCT_NAME = "$(TARGET_NAME)";
			};
			name = Debug;
		};
		8ABCD07019CCE66C00CA2710 /* Release */ = {
			isa = XCBuildConfiguration;
			buildSettings = {
				ASSETCATALOG_COMPILER_APPICON_NAME = AppIcon;
				INFOPLIST_FILE = Postcard/Info.plist;
				LD_RUNPATH_SEARCH_PATHS = "$(inherited) @executable_path/Frameworks";
				PRODUCT_NAME = "$(TARGET_NAME)";
			};
			name = Release;
		};
		8ABCD07219CCE66C00CA2710 /* Debug */ = {
			isa = XCBuildConfiguration;
			buildSettings = {
				BUNDLE_LOADER = "$(TEST_HOST)";
				FRAMEWORK_SEARCH_PATHS = (
					"$(SDKROOT)/Developer/Library/Frameworks",
					"$(inherited)",
				);
				GCC_PREPROCESSOR_DEFINITIONS = (
					"DEBUG=1",
					"$(inherited)",
				);
				INFOPLIST_FILE = PostcardTests/Info.plist;
				LD_RUNPATH_SEARCH_PATHS = "$(inherited) @executable_path/Frameworks @loader_path/Frameworks";
				PRODUCT_NAME = "$(TARGET_NAME)";
				TEST_HOST = "$(BUILT_PRODUCTS_DIR)/Postcard.app/Postcard";
			};
			name = Debug;
		};
		8ABCD07319CCE66C00CA2710 /* Release */ = {
			isa = XCBuildConfiguration;
			buildSettings = {
				BUNDLE_LOADER = "$(TEST_HOST)";
				FRAMEWORK_SEARCH_PATHS = (
					"$(SDKROOT)/Developer/Library/Frameworks",
					"$(inherited)",
				);
				INFOPLIST_FILE = PostcardTests/Info.plist;
				LD_RUNPATH_SEARCH_PATHS = "$(inherited) @executable_path/Frameworks @loader_path/Frameworks";
				PRODUCT_NAME = "$(TARGET_NAME)";
				TEST_HOST = "$(BUILT_PRODUCTS_DIR)/Postcard.app/Postcard";
			};
			name = Release;
		};
/* End XCBuildConfiguration section */

/* Begin XCConfigurationList section */
		8ABCD04A19CCE66B00CA2710 /* Build configuration list for PBXProject "Postcard" */ = {
			isa = XCConfigurationList;
			buildConfigurations = (
				8ABCD06C19CCE66C00CA2710 /* Debug */,
				8ABCD06D19CCE66C00CA2710 /* Release */,
			);
			defaultConfigurationIsVisible = 0;
			defaultConfigurationName = Release;
		};
		8ABCD06E19CCE66C00CA2710 /* Build configuration list for PBXNativeTarget "Postcard" */ = {
			isa = XCConfigurationList;
			buildConfigurations = (
				8ABCD06F19CCE66C00CA2710 /* Debug */,
				8ABCD07019CCE66C00CA2710 /* Release */,
			);
			defaultConfigurationIsVisible = 0;
		};
		8ABCD07119CCE66C00CA2710 /* Build configuration list for PBXNativeTarget "PostcardTests" */ = {
			isa = XCConfigurationList;
			buildConfigurations = (
				8ABCD07219CCE66C00CA2710 /* Debug */,
				8ABCD07319CCE66C00CA2710 /* Release */,
			);
			defaultConfigurationIsVisible = 0;
		};
/* End XCConfigurationList section */
	};
	rootObject = 8ABCD04719CCE66B00CA2710 /* Project object */;
}
